
Microsoft Visual Studio Solution File, Format Version 12.00
# Visual Studio Version 17
VisualStudioVersion = 17.13.35913.81 d17.13
MinimumVisualStudioVersion = 10.0.40219.1
Project("{FAE04EC0-301F-11D3-BF4B-00C04F79EFBC}") = "ExoSuitTest", "ExoSuitTest.csproj", "{F24A53E9-6FD8-0CA7-31EC-9A79243292E1}"
EndProject
Global
	GlobalSection(SolutionConfigurationPlatforms) = preSolution
		Debug|Any CPU = Debug|Any CPU
		Release|Any CPU = Release|Any CPU
	EndGlobalSection
	GlobalSection(ProjectConfigurationPlatforms) = postSolution
		{F24A53E9-6FD8-0CA7-31EC-9A79243292E1}.Debug|Any CPU.ActiveCfg = Debug|Any CPU
		{F24A53E9-6FD8-0CA7-31EC-9A79243292E1}.Debug|Any CPU.Build.0 = Debug|Any CPU
		{F24A53E9-6FD8-0CA7-31EC-9A79243292E1}.Release|Any CPU.ActiveCfg = Release|Any CPU
		{F24A53E9-6FD8-0CA7-31EC-9A79243292E1}.Release|Any CPU.Build.0 = Release|Any CPU
	EndGlobalSection
	GlobalSection(SolutionProperties) = preSolution
		HideSolutionNode = FALSE
	EndGlobalSection
	GlobalSection(ExtensibilityGlobals) = postSolution
		SolutionGuid = {BB1EEE2B-2D36-4057-959C-443C2354AE32}
	EndGlobalSection
EndGlobal
